
Microsoft Visual Studio Solution File, Format Version 12.00
# Visual Studio Version 17
VisualStudioVersion = 17.0.31903.59
MinimumVisualStudioVersion = 10.0.40219.1
Project("{2150E333-8FDC-42A3-9474-1A3956D46DE8}") = "src", "src", "{827E0CD3-B72D-47B6-A68D-7590B98EB39B}"
EndProject
Project("{FAE04EC0-301F-11D3-BF4B-00C04F79EFBC}") = "IndustrialSCADA.Core", "src\IndustrialSCADA.Core\IndustrialSCADA.Core.csproj", "{A959FFAC-FA24-4D79-9B9C-48F4B7B4861B}"
EndProject
Project("{FAE04EC0-301F-11D3-BF4B-00C04F79EFBC}") = "IndustrialSCADA.Infrastructure", "src\IndustrialSCADA.Infrastructure\IndustrialSCADA.Infrastructure.csproj", "{398BF318-4CA4-4962-92B5-418E4010C3AC}"
EndProject
Project("{FAE04EC0-301F-11D3-BF4B-00C04F79EFBC}") = "IndustrialSCADA.DeviceCore", "src\IndustrialSCADA.DeviceCore\IndustrialSCADA.DeviceCore.csproj", "{69E3B63A-6ADC-4DBD-8EE2-2A5DCAC36AE8}"
EndProject
Project("{FAE04EC0-301F-11D3-BF4B-00C04F79EFBC}") = "IndustrialSCADA.App", "src\IndustrialSCADA.App\IndustrialSCADA.App.csproj", "{6BCC3DAE-11F4-4DAB-A787-E65CD167FE25}"
EndProject
Project("{FAE04EC0-301F-11D3-BF4B-00C04F79EFBC}") = "IndustrialSCADA.Module.Dashboard", "src\Modules\IndustrialSCADA.Module.Dashboard\IndustrialSCADA.Module.Dashboard.csproj", "{0C825487-B0B5-451C-A929-4510AC56E86F}"
EndProject
Project("{FAE04EC0-301F-11D3-BF4B-00C04F79EFBC}") = "IndustrialSCADA.Module.DeviceControl", "src\Modules\IndustrialSCADA.Module.DeviceControl\IndustrialSCADA.Module.DeviceControl.csproj", "{34EA111A-E535-4D76-8E95-5C7AF87D6699}"
EndProject
Project("{FAE04EC0-301F-11D3-BF4B-00C04F79EFBC}") = "IndustrialSCADA.Module.DataAcquisition", "src\Modules\IndustrialSCADA.Module.DataAcquisition\IndustrialSCADA.Module.DataAcquisition.csproj", "{8BD69900-A940-4745-A20B-2AA2529FADD0}"
EndProject
Project("{FAE04EC0-301F-11D3-BF4B-00C04F79EFBC}") = "IndustrialSCADA.Module.AlarmManagement", "src\Modules\IndustrialSCADA.Module.AlarmManagement\IndustrialSCADA.Module.AlarmManagement.csproj", "{3BC8AB45-F9F6-49A7-8798-F25B44971368}"
EndProject
Project("{FAE04EC0-301F-11D3-BF4B-00C04F79EFBC}") = "IndustrialSCADA.Module.LogViewer", "src\Modules\IndustrialSCADA.Module.LogViewer\IndustrialSCADA.Module.LogViewer.csproj", "{2243DC4B-18C0-4826-8A47-549FF483DD02}"
EndProject
Project("{FAE04EC0-301F-11D3-BF4B-00C04F79EFBC}") = "IndustrialSCADA.Tests", "tests\IndustrialSCADA.Tests\IndustrialSCADA.Tests.csproj", "{0ECC420E-C90E-4890-86E8-37C06902A490}"
EndProject
Global
	GlobalSection(SolutionConfigurationPlatforms) = preSolution
		Debug|Any CPU = Debug|Any CPU
		Debug|x64 = Debug|x64
		Debug|x86 = Debug|x86
		Release|Any CPU = Release|Any CPU
		Release|x64 = Release|x64
		Release|x86 = Release|x86
	EndGlobalSection
	GlobalSection(ProjectConfigurationPlatforms) = postSolution
		{A959FFAC-FA24-4D79-9B9C-48F4B7B4861B}.Debug|Any CPU.ActiveCfg = Debug|Any CPU
		{A959FFAC-FA24-4D79-9B9C-48F4B7B4861B}.Debug|Any CPU.Build.0 = Debug|Any CPU
		{A959FFAC-FA24-4D79-9B9C-48F4B7B4861B}.Debug|x64.ActiveCfg = Debug|Any CPU
		{A959FFAC-FA24-4D79-9B9C-48F4B7B4861B}.Debug|x64.Build.0 = Debug|Any CPU
		{A959FFAC-FA24-4D79-9B9C-48F4B7B4861B}.Debug|x86.ActiveCfg = Debug|Any CPU
		{A959FFAC-FA24-4D79-9B9C-48F4B7B4861B}.Debug|x86.Build.0 = Debug|Any CPU
		{A959FFAC-FA24-4D79-9B9C-48F4B7B4861B}.Release|Any CPU.ActiveCfg = Release|Any CPU
		{A959FFAC-FA24-4D79-9B9C-48F4B7B4861B}.Release|Any CPU.Build.0 = Release|Any CPU
		{A959FFAC-FA24-4D79-9B9C-48F4B7B4861B}.Release|x64.ActiveCfg = Release|Any CPU
		{A959FFAC-FA24-4D79-9B9C-48F4B7B4861B}.Release|x64.Build.0 = Release|Any CPU
		{A959FFAC-FA24-4D79-9B9C-48F4B7B4861B}.Release|x86.ActiveCfg = Release|Any CPU
		{A959FFAC-FA24-4D79-9B9C-48F4B7B4861B}.Release|x86.Build.0 = Release|Any CPU
		{398BF318-4CA4-4962-92B5-418E4010C3AC}.Debug|Any CPU.ActiveCfg = Debug|Any CPU
		{398BF318-4CA4-4962-92B5-418E4010C3AC}.Debug|Any CPU.Build.0 = Debug|Any CPU
		{398BF318-4CA4-4962-92B5-418E4010C3AC}.Debug|x64.ActiveCfg = Debug|Any CPU
		{398BF318-4CA4-4962-92B5-418E4010C3AC}.Debug|x64.Build.0 = Debug|Any CPU
		{398BF318-4CA4-4962-92B5-418E4010C3AC}.Debug|x86.ActiveCfg = Debug|Any CPU
		{398BF318-4CA4-4962-92B5-418E4010C3AC}.Debug|x86.Build.0 = Debug|Any CPU
		{398BF318-4CA4-4962-92B5-418E4010C3AC}.Release|Any CPU.ActiveCfg = Release|Any CPU
		{398BF318-4CA4-4962-92B5-418E4010C3AC}.Release|Any CPU.Build.0 = Release|Any CPU
		{398BF318-4CA4-4962-92B5-418E4010C3AC}.Release|x64.ActiveCfg = Release|Any CPU
		{398BF318-4CA4-4962-92B5-418E4010C3AC}.Release|x64.Build.0 = Release|Any CPU
		{398BF318-4CA4-4962-92B5-418E4010C3AC}.Release|x86.ActiveCfg = Release|Any CPU
		{398BF318-4CA4-4962-92B5-418E4010C3AC}.Release|x86.Build.0 = Release|Any CPU
		{69E3B63A-6ADC-4DBD-8EE2-2A5DCAC36AE8}.Debug|Any CPU.ActiveCfg = Debug|Any CPU
		{69E3B63A-6ADC-4DBD-8EE2-2A5DCAC36AE8}.Debug|Any CPU.Build.0 = Debug|Any CPU
		{69E3B63A-6ADC-4DBD-8EE2-2A5DCAC36AE8}.Debug|x64.ActiveCfg = Debug|Any CPU
		{69E3B63A-6ADC-4DBD-8EE2-2A5DCAC36AE8}.Debug|x64.Build.0 = Debug|Any CPU
		{69E3B63A-6ADC-4DBD-8EE2-2A5DCAC36AE8}.Debug|x86.ActiveCfg = Debug|Any CPU
		{69E3B63A-6ADC-4DBD-8EE2-2A5DCAC36AE8}.Debug|x86.Build.0 = Debug|Any CPU
		{69E3B63A-6ADC-4DBD-8EE2-2A5DCAC36AE8}.Release|Any CPU.ActiveCfg = Release|Any CPU
		{69E3B63A-6ADC-4DBD-8EE2-2A5DCAC36AE8}.Release|Any CPU.Build.0 = Release|Any CPU
		{69E3B63A-6ADC-4DBD-8EE2-2A5DCAC36AE8}.Release|x64.ActiveCfg = Release|Any CPU
		{69E3B63A-6ADC-4DBD-8EE2-2A5DCAC36AE8}.Release|x64.Build.0 = Release|Any CPU
		{69E3B63A-6ADC-4DBD-8EE2-2A5DCAC36AE8}.Release|x86.ActiveCfg = Release|Any CPU
		{69E3B63A-6ADC-4DBD-8EE2-2A5DCAC36AE8}.Release|x86.Build.0 = Release|Any CPU
		{6BCC3DAE-11F4-4DAB-A787-E65CD167FE25}.Debug|Any CPU.ActiveCfg = Debug|Any CPU
		{6BCC3DAE-11F4-4DAB-A787-E65CD167FE25}.Debug|Any CPU.Build.0 = Debug|Any CPU
		{6BCC3DAE-11F4-4DAB-A787-E65CD167FE25}.Debug|x64.ActiveCfg = Debug|Any CPU
		{6BCC3DAE-11F4-4DAB-A787-E65CD167FE25}.Debug|x64.Build.0 = Debug|Any CPU
		{6BCC3DAE-11F4-4DAB-A787-E65CD167FE25}.Debug|x86.ActiveCfg = Debug|Any CPU
		{6BCC3DAE-11F4-4DAB-A787-E65CD167FE25}.Debug|x86.Build.0 = Debug|Any CPU
		{6BCC3DAE-11F4-4DAB-A787-E65CD167FE25}.Release|Any CPU.ActiveCfg = Release|Any CPU
		{6BCC3DAE-11F4-4DAB-A787-E65CD167FE25}.Release|Any CPU.Build.0 = Release|Any CPU
		{6BCC3DAE-11F4-4DAB-A787-E65CD167FE25}.Release|x64.ActiveCfg = Release|Any CPU
		{6BCC3DAE-11F4-4DAB-A787-E65CD167FE25}.Release|x64.Build.0 = Release|Any CPU
		{6BCC3DAE-11F4-4DAB-A787-E65CD167FE25}.Release|x86.ActiveCfg = Release|Any CPU
		{6BCC3DAE-11F4-4DAB-A787-E65CD167FE25}.Release|x86.Build.0 = Release|Any CPU
		{0C825487-B0B5-451C-A929-4510AC56E86F}.Debug|Any CPU.ActiveCfg = Debug|Any CPU
		{0C825487-B0B5-451C-A929-4510AC56E86F}.Debug|Any CPU.Build.0 = Debug|Any CPU
		{0C825487-B0B5-451C-A929-4510AC56E86F}.Debug|x64.ActiveCfg = Debug|Any CPU
		{0C825487-B0B5-451C-A929-4510AC56E86F}.Debug|x64.Build.0 = Debug|Any CPU
		{0C825487-B0B5-451C-A929-4510AC56E86F}.Debug|x86.ActiveCfg = Debug|Any CPU
		{0C825487-B0B5-451C-A929-4510AC56E86F}.Debug|x86.Build.0 = Debug|Any CPU
		{0C825487-B0B5-451C-A929-4510AC56E86F}.Release|Any CPU.ActiveCfg = Release|Any CPU
		{0C825487-B0B5-451C-A929-4510AC56E86F}.Release|Any CPU.Build.0 = Release|Any CPU
		{0C825487-B0B5-451C-A929-4510AC56E86F}.Release|x64.ActiveCfg = Release|Any CPU
		{0C825487-B0B5-451C-A929-4510AC56E86F}.Release|x64.Build.0 = Release|Any CPU
		{0C825487-B0B5-451C-A929-4510AC56E86F}.Release|x86.ActiveCfg = Release|Any CPU
		{0C825487-B0B5-451C-A929-4510AC56E86F}.Release|x86.Build.0 = Release|Any CPU
		{34EA111A-E535-4D76-8E95-5C7AF87D6699}.Debug|Any CPU.ActiveCfg = Debug|Any CPU
		{34EA111A-E535-4D76-8E95-5C7AF87D6699}.Debug|Any CPU.Build.0 = Debug|Any CPU
		{34EA111A-E535-4D76-8E95-5C7AF87D6699}.Debug|x64.ActiveCfg = Debug|Any CPU
		{34EA111A-E535-4D76-8E95-5C7AF87D6699}.Debug|x64.Build.0 = Debug|Any CPU
		{34EA111A-E535-4D76-8E95-5C7AF87D6699}.Debug|x86.ActiveCfg = Debug|Any CPU
		{34EA111A-E535-4D76-8E95-5C7AF87D6699}.Debug|x86.Build.0 = Debug|Any CPU
		{34EA111A-E535-4D76-8E95-5C7AF87D6699}.Release|Any CPU.ActiveCfg = Release|Any CPU
		{34EA111A-E535-4D76-8E95-5C7AF87D6699}.Release|Any CPU.Build.0 = Release|Any CPU
		{34EA111A-E535-4D76-8E95-5C7AF87D6699}.Release|x64.ActiveCfg = Release|Any CPU
		{34EA111A-E535-4D76-8E95-5C7AF87D6699}.Release|x64.Build.0 = Release|Any CPU
		{34EA111A-E535-4D76-8E95-5C7AF87D6699}.Release|x86.ActiveCfg = Release|Any CPU
		{34EA111A-E535-4D76-8E95-5C7AF87D6699}.Release|x86.Build.0 = Release|Any CPU
		{8BD69900-A940-4745-A20B-2AA2529FADD0}.Debug|Any CPU.ActiveCfg = Debug|Any CPU
		{8BD69900-A940-4745-A20B-2AA2529FADD0}.Debug|Any CPU.Build.0 = Debug|Any CPU
		{8BD69900-A940-4745-A20B-2AA2529FADD0}.Debug|x64.ActiveCfg = Debug|Any CPU
		{8BD69900-A940-4745-A20B-2AA2529FADD0}.Debug|x64.Build.0 = Debug|Any CPU
		{8BD69900-A940-4745-A20B-2AA2529FADD0}.Debug|x86.ActiveCfg = Debug|Any CPU
		{8BD69900-A940-4745-A20B-2AA2529FADD0}.Debug|x86.Build.0 = Debug|Any CPU
		{8BD69900-A940-4745-A20B-2AA2529FADD0}.Release|Any CPU.ActiveCfg = Release|Any CPU
		{8BD69900-A940-4745-A20B-2AA2529FADD0}.Release|Any CPU.Build.0 = Release|Any CPU
		{8BD69900-A940-4745-A20B-2AA2529FADD0}.Release|x64.ActiveCfg = Release|Any CPU
		{8BD69900-A940-4745-A20B-2AA2529FADD0}.Release|x64.Build.0 = Release|Any CPU
		{8BD69900-A940-4745-A20B-2AA2529FADD0}.Release|x86.ActiveCfg = Release|Any CPU
		{8BD69900-A940-4745-A20B-2AA2529FADD0}.Release|x86.Build.0 = Release|Any CPU
		{3BC8AB45-F9F6-49A7-8798-F25B44971368}.Debug|Any CPU.ActiveCfg = Debug|Any CPU
		{3BC8AB45-F9F6-49A7-8798-F25B44971368}.Debug|Any CPU.Build.0 = Debug|Any CPU
		{3BC8AB45-F9F6-49A7-8798-F25B44971368}.Debug|x64.ActiveCfg = Debug|Any CPU
		{3BC8AB45-F9F6-49A7-8798-F25B44971368}.Debug|x64.Build.0 = Debug|Any CPU
		{3BC8AB45-F9F6-49A7-8798-F25B44971368}.Debug|x86.ActiveCfg = Debug|Any CPU
		{3BC8AB45-F9F6-49A7-8798-F25B44971368}.Debug|x86.Build.0 = Debug|Any CPU
		{3BC8AB45-F9F6-49A7-8798-F25B44971368}.Release|Any CPU.ActiveCfg = Release|Any CPU
		{3BC8AB45-F9F6-49A7-8798-F25B44971368}.Release|Any CPU.Build.0 = Release|Any CPU
		{3BC8AB45-F9F6-49A7-8798-F25B44971368}.Release|x64.ActiveCfg = Release|Any CPU
		{3BC8AB45-F9F6-49A7-8798-F25B44971368}.Release|x64.Build.0 = Release|Any CPU
		{3BC8AB45-F9F6-49A7-8798-F25B44971368}.Release|x86.ActiveCfg = Release|Any CPU
		{3BC8AB45-F9F6-49A7-8798-F25B44971368}.Release|x86.Build.0 = Release|Any CPU
		{2243DC4B-18C0-4826-8A47-549FF483DD02}.Debug|Any CPU.ActiveCfg = Debug|Any CPU
		{2243DC4B-18C0-4826-8A47-549FF483DD02}.Debug|Any CPU.Build.0 = Debug|Any CPU
		{2243DC4B-18C0-4826-8A47-549FF483DD02}.Debug|x64.ActiveCfg = Debug|Any CPU
		{2243DC4B-18C0-4826-8A47-549FF483DD02}.Debug|x64.Build.0 = Debug|Any CPU
		{2243DC4B-18C0-4826-8A47-549FF483DD02}.Debug|x86.ActiveCfg = Debug|Any CPU
		{2243DC4B-18C0-4826-8A47-549FF483DD02}.Debug|x86.Build.0 = Debug|Any CPU
		{2243DC4B-18C0-4826-8A47-549FF483DD02}.Release|Any CPU.ActiveCfg = Release|Any CPU
		{2243DC4B-18C0-4826-8A47-549FF483DD02}.Release|Any CPU.Build.0 = Release|Any CPU
		{2243DC4B-18C0-4826-8A47-549FF483DD02}.Release|x64.ActiveCfg = Release|Any CPU
		{2243DC4B-18C0-4826-8A47-549FF483DD02}.Release|x64.Build.0 = Release|Any CPU
		{2243DC4B-18C0-4826-8A47-549FF483DD02}.Release|x86.ActiveCfg = Release|Any CPU
		{2243DC4B-18C0-4826-8A47-549FF483DD02}.Release|x86.Build.0 = Release|Any CPU
		{0ECC420E-C90E-4890-86E8-37C06902A490}.Debug|Any CPU.ActiveCfg = Debug|Any CPU
		{0ECC420E-C90E-4890-86E8-37C06902A490}.Debug|Any CPU.Build.0 = Debug|Any CPU
		{0ECC420E-C90E-4890-86E8-37C06902A490}.Debug|x64.ActiveCfg = Debug|Any CPU
		{0ECC420E-C90E-4890-86E8-37C06902A490}.Debug|x64.Build.0 = Debug|Any CPU
		{0ECC420E-C90E-4890-86E8-37C06902A490}.Debug|x86.ActiveCfg = Debug|Any CPU
		{0ECC420E-C90E-4890-86E8-37C06902A490}.Debug|x86.Build.0 = Debug|Any CPU
		{0ECC420E-C90E-4890-86E8-37C06902A490}.Release|Any CPU.ActiveCfg = Release|Any CPU
		{0ECC420E-C90E-4890-86E8-37C06902A490}.Release|Any CPU.Build.0 = Release|Any CPU
		{0ECC420E-C90E-4890-86E8-37C06902A490}.Release|x64.ActiveCfg = Release|Any CPU
		{0ECC420E-C90E-4890-86E8-37C06902A490}.Release|x64.Build.0 = Release|Any CPU
		{0ECC420E-C90E-4890-86E8-37C06902A490}.Release|x86.ActiveCfg = Release|Any CPU
		{0ECC420E-C90E-4890-86E8-37C06902A490}.Release|x86.Build.0 = Release|Any CPU
	EndGlobalSection
	GlobalSection(SolutionProperties) = preSolution
		HideSolutionNode = FALSE
	EndGlobalSection
	GlobalSection(NestedProjects) = preSolution
		{A959FFAC-FA24-4D79-9B9C-48F4B7B4861B} = {827E0CD3-B72D-47B6-A68D-7590B98EB39B}
		{398BF318-4CA4-4962-92B5-418E4010C3AC} = {827E0CD3-B72D-47B6-A68D-7590B98EB39B}
		{69E3B63A-6ADC-4DBD-8EE2-2A5DCAC36AE8} = {827E0CD3-B72D-47B6-A68D-7590B98EB39B}
		{6BCC3DAE-11F4-4DAB-A787-E65CD167FE25} = {827E0CD3-B72D-47B6-A68D-7590B98EB39B}
		{0C825487-B0B5-451C-A929-4510AC56E86F} = {827E0CD3-B72D-47B6-A68D-7590B98EB39B}
		{34EA111A-E535-4D76-8E95-5C7AF87D6699} = {827E0CD3-B72D-47B6-A68D-7590B98EB39B}
		{8BD69900-A940-4745-A20B-2AA2529FADD0} = {827E0CD3-B72D-47B6-A68D-7590B98EB39B}
		{3BC8AB45-F9F6-49A7-8798-F25B44971368} = {827E0CD3-B72D-47B6-A68D-7590B98EB39B}
		{2243DC4B-18C0-4826-8A47-549FF483DD02} = {827E0CD3-B72D-47B6-A68D-7590B98EB39B}
		{0ECC420E-C90E-4890-86E8-37C06902A490} = {827E0CD3-B72D-47B6-A68D-7590B98EB39B}
	EndGlobalSection
EndGlobal
